
Microsoft Visual Studio Solution File, Format Version 12.00
# Visual Studio Version 16
VisualStudioVersion = 16.0.31702.278
MinimumVisualStudioVersion = 10.0.40219.1
Project("{FAE04EC0-301F-11D3-BF4B-00C04F79EFBC}") = "Weekly-Coding-10-04", "Weekly-Coding-10-04.csproj", "{087BA2C2-C842-4209-B345-B4D5EF77DBCF}"
EndProject
Global
	GlobalSection(SolutionConfigurationPlatforms) = preSolution
		Debug|Any CPU = Debug|Any CPU
		Release|Any CPU = Release|Any CPU
	EndGlobalSection
	GlobalSection(ProjectConfigurationPlatforms) = postSolution
		{087BA2C2-C842-4209-B345-B4D5EF77DBCF}.Debug|Any CPU.ActiveCfg = Debug|Any CPU
		{087BA2C2-C842-4209-B345-B4D5EF77DBCF}.Debug|Any CPU.Build.0 = Debug|Any CPU
		{087BA2C2-C842-4209-B345-B4D5EF77DBCF}.Release|Any CPU.ActiveCfg = Release|Any CPU
		{087BA2C2-C842-4209-B345-B4D5EF77DBCF}.Release|Any CPU.Build.0 = Release|Any CPU
	EndGlobalSection
	GlobalSection(SolutionProperties) = preSolution
		HideSolutionNode = FALSE
	EndGlobalSection
	GlobalSection(ExtensibilityGlobals) = postSolution
		SolutionGuid = {30AFBE0E-6E60-411D-ADEE-4560B0124AD2}
	EndGlobalSection
EndGlobal
